
Microsoft Visual Studio Solution File, Format Version 12.00
# Visual Studio 2013
VisualStudioVersion = 12.0.31101.0
MinimumVisualStudioVersion = 10.0.40219.1
Project("{FAE04EC0-301F-11D3-BF4B-00C04F79EFBC}") = "FelicaData", "FelicaData\FelicaData.csproj", "{574AD680-91FF-4021-AEE3-F70D3A058486}"
EndProject
Project("{FAE04EC0-301F-11D3-BF4B-00C04F79EFBC}") = "FelicaDataTest", "FelicaDataTest\FelicaDataTest.csproj", "{5DA41960-B3D5-44A0-884C-AF5D985BB132}"
EndProject
Global
	GlobalSection(SolutionConfigurationPlatforms) = preSolution
		Debug|Any CPU = Debug|Any CPU
		Release|Any CPU = Release|Any CPU
	EndGlobalSection
	GlobalSection(ProjectConfigurationPlatforms) = postSolution
		{574AD680-91FF-4021-AEE3-F70D3A058486}.Debug|Any CPU.ActiveCfg = Debug|Any CPU
		{574AD680-91FF-4021-AEE3-F70D3A058486}.Debug|Any CPU.Build.0 = Debug|Any CPU
		{574AD680-91FF-4021-AEE3-F70D3A058486}.Release|Any CPU.ActiveCfg = Release|Any CPU
		{574AD680-91FF-4021-AEE3-F70D3A058486}.Release|Any CPU.Build.0 = Release|Any CPU
		{5DA41960-B3D5-44A0-884C-AF5D985BB132}.Debug|Any CPU.ActiveCfg = Debug|Any CPU
		{5DA41960-B3D5-44A0-884C-AF5D985BB132}.Debug|Any CPU.Build.0 = Debug|Any CPU
		{5DA41960-B3D5-44A0-884C-AF5D985BB132}.Release|Any CPU.ActiveCfg = Release|Any CPU
		{5DA41960-B3D5-44A0-884C-AF5D985BB132}.Release|Any CPU.Build.0 = Release|Any CPU
	EndGlobalSection
	GlobalSection(SolutionProperties) = preSolution
		HideSolutionNode = FALSE
	EndGlobalSection
EndGlobal
